github.com/SantiiRepair/biosurf-api v0.0.0-20230519050507-e459e49b08cc h1:ms3v31KVpNQ5/S33Ew+u2PGGMS0aWT4IqRznyFoFr7w=
github.com/SantiiRepair/biosurf-api v0.0.0-20230519050507-e459e49b08cc/go.mod h1:lPQ6m6aGH1gv2GcbBIf8las2Sglv66clksmfTXNWymI=
golang.org/x/crypto v0.9.0 h1:LF6fAI+IutBocDJ2OT0Q1g8plpYljMZ4+lty+dsqw3g=
golang.org/x/crypto v0.9.0/go.mod h1:yrmDGqONDYtNj3tH8X9dzUun2m2lzPa9ngI6/RUPGR0=
